// !$*UTF8*$!
{
	archiveVersion = 1;
	classes = {
	};
	objectVersion = 46;
	objects = {

/* Begin PBXBuildFile section */
		4CABDF5DEA5A6B79E03ED611 /* libPods-layabox.a in Frameworks */ = {isa = PBXBuildFile; fileRef = BA5E19FEE0EBD53336B6826D /* libPods-layabox.a */; };
		5E63101A1D8FDA1900FBDC6D /* AudioToolbox.framework in Frameworks */ = {isa = PBXBuildFile; fileRef = A2460A9B1C8DB4A80032CD8D /* AudioToolbox.framework */; };
		5E6CC3BB1EA4F60500FA49A3 /* libbz2.1.0.tbd in Frameworks */ = {isa = PBXBuildFile; fileRef = 5E6CC3BA1EA4F60500FA49A3 /* libbz2.1.0.tbd */; };
		5E8E564220483BDA00A4B815 /* JavaScriptCore.framework in Frameworks */ = {isa = PBXBuildFile; fileRef = A2460A9D1C8DB4B50032CD8D /* JavaScriptCore.framework */; };
		5EAE9BE01D6FFF6E00BDC3F5 /* IAPManager.m in Sources */ = {isa = PBXBuildFile; fileRef = 5EAE9BDF1D6FFF6E00BDC3F5 /* IAPManager.m */; };
		5EAEEAA81D8E6C1000F2A257 /* CoreMotion.framework in Frameworks */ = {isa = PBXBuildFile; fileRef = 5EAEEAA71D8E6C1000F2A257 /* CoreMotion.framework */; };
		63B04F65CE4570E2B11A09BE /* libPods-layaboxUITests.a in Frameworks */ = {isa = PBXBuildFile; fileRef = 19A5062BE211132DCDC23DA4 /* libPods-layaboxUITests.a */; };
		78C2DC6B20E885D600660652 /* NativeInterface.mm in Sources */ = {isa = PBXBuildFile; fileRef = 78C2DC6A20E885D600660652 /* NativeInterface.mm */; };
		78C2DC6D20E8AC9600660652 /* GoogleService-Info.plist in Resources */ = {isa = PBXBuildFile; fileRef = 78C2DC6C20E8AC9600660652 /* GoogleService-Info.plist */; };
		78C2DC6F20E8ACAE00660652 /* GoogleService-Info.plist in Resources */ = {isa = PBXBuildFile; fileRef = 78C2DC6E20E8ACAD00660652 /* GoogleService-Info.plist */; };
		78E5169620E8B36800761EB0 /* FirebaseCore.framework in Frameworks */ = {isa = PBXBuildFile; fileRef = 78E5169520E8B36800761EB0 /* FirebaseCore.framework */; };
		78E5169820E8B37800761EB0 /* GoogleMobileAds.framework in Frameworks */ = {isa = PBXBuildFile; fileRef = 78E5169720E8B37800761EB0 /* GoogleMobileAds.framework */; };
		78E5169A20E8B3C300761EB0 /* MediaPlayer.framework in Frameworks */ = {isa = PBXBuildFile; fileRef = 78E5169920E8B3C300761EB0 /* MediaPlayer.framework */; };
		78E5169C20E8B3EF00761EB0 /* MessageUI.framework in Frameworks */ = {isa = PBXBuildFile; fileRef = 78E5169B20E8B3EE00761EB0 /* MessageUI.framework */; };
		78E5169E20E8B41700761EB0 /* MobileCoreServices.framework in Frameworks */ = {isa = PBXBuildFile; fileRef = 78E5169D20E8B41700761EB0 /* MobileCoreServices.framework */; };
		78E516A320E8B6CA00761EB0 /* CoreMedia.framework in Frameworks */ = {isa = PBXBuildFile; fileRef = 78E516A220E8B6CA00761EB0 /* CoreMedia.framework */; };
		78E516A520E8B6D500761EB0 /* EventKit.framework in Frameworks */ = {isa = PBXBuildFile; fileRef = 78E516A420E8B6D500761EB0 /* EventKit.framework */; };
		78E516A720E8B6DD00761EB0 /* EventKitUI.framework in Frameworks */ = {isa = PBXBuildFile; fileRef = 78E516A620E8B6DD00761EB0 /* EventKitUI.framework */; };
		78E516A820E8B7FD00761EB0 /* SystemConfiguration.framework in Frameworks */ = {isa = PBXBuildFile; fileRef = A2460A8F1C8DB4520032CD8D /* SystemConfiguration.framework */; };
		A208134B1D7439E6008ABB72 /* app.json in Resources */ = {isa = PBXBuildFile; fileRef = A20813421D7439E6008ABB72 /* app.json */; };
		A208134C1D7439E6008ABB72 /* cache in Resources */ = {isa = PBXBuildFile; fileRef = A20813431D7439E6008ABB72 /* cache */; };
		A208134D1D7439E6008ABB72 /* config.ini in Resources */ = {isa = PBXBuildFile; fileRef = A20813441D7439E6008ABB72 /* config.ini */; };
		A208134E1D7439E6008ABB72 /* Default-568h@2x.png in Resources */ = {isa = PBXBuildFile; fileRef = A20813451D7439E6008ABB72 /* Default-568h@2x.png */; };
		A208134F1D7439E6008ABB72 /* libconchRuntime.bundle in Resources */ = {isa = PBXBuildFile; fileRef = A20813461D7439E6008ABB72 /* libconchRuntime.bundle */; };
		A20813501D7439E6008ABB72 /* logo in Resources */ = {isa = PBXBuildFile; fileRef = A20813471D7439E6008ABB72 /* logo */; };
		A20813511D7439E6008ABB72 /* logo.swf in Resources */ = {isa = PBXBuildFile; fileRef = A20813481D7439E6008ABB72 /* logo.swf */; };
		A20813521D7439E6008ABB72 /* scripts in Resources */ = {isa = PBXBuildFile; fileRef = A20813491D7439E6008ABB72 /* scripts */; };
		A20813531D7439E6008ABB72 /* shaders in Resources */ = {isa = PBXBuildFile; fileRef = A208134A1D7439E6008ABB72 /* shaders */; };
		A24420661C8EC96500BB430C /* CoreTelephony.framework in Frameworks */ = {isa = PBXBuildFile; fileRef = A2460A871C8DB4160032CD8D /* CoreTelephony.framework */; };
		A24420671C8EC97F00BB430C /* AVFoundation.framework in Frameworks */ = {isa = PBXBuildFile; fileRef = A2460A991C8DB4930032CD8D /* AVFoundation.framework */; };
		A2460A211C8DAF710032CD8D /* main.m in Sources */ = {isa = PBXBuildFile; fileRef = A2460A201C8DAF710032CD8D /* main.m */; };
		A2460A241C8DAF710032CD8D /* AppDelegate.mm in Sources */ = {isa = PBXBuildFile; fileRef = A2460A231C8DAF710032CD8D /* AppDelegate.mm */; };
		A2460A271C8DAF710032CD8D /* ViewController.mm in Sources */ = {isa = PBXBuildFile; fileRef = A2460A261C8DAF710032CD8D /* ViewController.mm */; };
		A2460A2A1C8DAF710032CD8D /* Main.storyboard in Resources */ = {isa = PBXBuildFile; fileRef = A2460A281C8DAF710032CD8D /* Main.storyboard */; };
		A2460A2C1C8DAF710032CD8D /* Assets.xcassets in Resources */ = {isa = PBXBuildFile; fileRef = A2460A2B1C8DAF710032CD8D /* Assets.xcassets */; };
		A2460A2F1C8DAF710032CD8D /* LaunchScreen.storyboard in Resources */ = {isa = PBXBuildFile; fileRef = A2460A2D1C8DAF710032CD8D /* LaunchScreen.storyboard */; };
		A2460A3A1C8DAF710032CD8D /* layaboxTests.m in Sources */ = {isa = PBXBuildFile; fileRef = A2460A391C8DAF710032CD8D /* layaboxTests.m */; };
		A2460A451C8DAF710032CD8D /* layaboxUITests.m in Sources */ = {isa = PBXBuildFile; fileRef = A2460A441C8DAF710032CD8D /* layaboxUITests.m */; };
		A2460A5C1C8DB0E10032CD8D /* MarketAppStore.mm in Sources */ = {isa = PBXBuildFile; fileRef = A2460A5B1C8DB0E10032CD8D /* MarketAppStore.mm */; };
		A2460A8E1C8DB4440032CD8D /* CoreGraphics.framework in Frameworks */ = {isa = PBXBuildFile; fileRef = A2460A8D1C8DB4440032CD8D /* CoreGraphics.framework */; };
		A2460AA01C8DB4BE0032CD8D /* OpenAL.framework in Frameworks */ = {isa = PBXBuildFile; fileRef = A2460A9F1C8DB4BE0032CD8D /* OpenAL.framework */; };
		A2460AA21C8DB4C80032CD8D /* OpenGLES.framework in Frameworks */ = {isa = PBXBuildFile; fileRef = A2460AA11C8DB4C70032CD8D /* OpenGLES.framework */; };
		A2460AA61C8DB4DA0032CD8D /* GLKit.framework in Frameworks */ = {isa = PBXBuildFile; fileRef = A2460AA51C8DB4DA0032CD8D /* GLKit.framework */; };
		A2460AA91C8DBAD00032CD8D /* UIKit.framework in Frameworks */ = {isa = PBXBuildFile; fileRef = A2460AA31C8DB4D20032CD8D /* UIKit.framework */; settings = {ATTRIBUTES = (Weak, ); }; };
		A24C4B211F4F08BD001BCD86 /* font in Resources */ = {isa = PBXBuildFile; fileRef = A24C4B201F4F08BD001BCD86 /* font */; };
		A25D2CB61D22525B00E21255 /* AdSupport.framework in Frameworks */ = {isa = PBXBuildFile; fileRef = A2460A951C8DB47C0032CD8D /* AdSupport.framework */; };
		A2E00C681D05495500B6A6B6 /* libicucore.tbd in Frameworks */ = {isa = PBXBuildFile; fileRef = A2E00C671D05495500B6A6B6 /* libicucore.tbd */; };
		C46E832563FF1E16DA88B94D /* libPods-layaboxTests.a in Frameworks */ = {isa = PBXBuildFile; fileRef = D3E7D114866ED430ABE0D3C8 /* libPods-layaboxTests.a */; };
/* End PBXBuildFile section */

/* Begin PBXContainerItemProxy section */
		A2460A361C8DAF710032CD8D /* PBXContainerItemProxy */ = {
			isa = PBXContainerItemProxy;
			containerPortal = A2460A141C8DAF710032CD8D /* Project object */;
			proxyType = 1;
			remoteGlobalIDString = A2460A1B1C8DAF710032CD8D;
			remoteInfo = layabox;
		};
		A2460A411C8DAF710032CD8D /* PBXContainerItemProxy */ = {
			isa = PBXContainerItemProxy;
			containerPortal = A2460A141C8DAF710032CD8D /* Project object */;
			proxyType = 1;
			remoteGlobalIDString = A2460A1B1C8DAF710032CD8D;
			remoteInfo = layabox;
		};
/* End PBXContainerItemProxy section */

/* Begin PBXFileReference section */
		14B16C60D2B3D6B3917BDA04 /* Pods-layabox.debug.xcconfig */ = {isa = PBXFileReference; includeInIndex = 1; lastKnownFileType = text.xcconfig; name = "Pods-layabox.debug.xcconfig"; path = "Pods/Target Support Files/Pods-layabox/Pods-layabox.debug.xcconfig"; sourceTree = "<group>"; };
		155303209FD48FA0A15BC84E /* Pods-layaboxUITests.release.xcconfig */ = {isa = PBXFileReference; includeInIndex = 1; lastKnownFileType = text.xcconfig; name = "Pods-layaboxUITests.release.xcconfig"; path = "Pods/Target Support Files/Pods-layaboxUITests/Pods-layaboxUITests.release.xcconfig"; sourceTree = "<group>"; };
		19A5062BE211132DCDC23DA4 /* libPods-layaboxUITests.a */ = {isa = PBXFileReference; explicitFileType = archive.ar; includeInIndex = 0; path = "libPods-layaboxUITests.a"; sourceTree = BUILT_PRODUCTS_DIR; };
		252416DE35B5409443492966 /* Pods-layaboxTests.debug.xcconfig */ = {isa = PBXFileReference; includeInIndex = 1; lastKnownFileType = text.xcconfig; name = "Pods-layaboxTests.debug.xcconfig"; path = "Pods/Target Support Files/Pods-layaboxTests/Pods-layaboxTests.debug.xcconfig"; sourceTree = "<group>"; };
		3807CBA2B960F5B3C014C33C /* Pods-layabox.release.xcconfig */ = {isa = PBXFileReference; includeInIndex = 1; lastKnownFileType = text.xcconfig; name = "Pods-layabox.release.xcconfig"; path = "Pods/Target Support Files/Pods-layabox/Pods-layabox.release.xcconfig"; sourceTree = "<group>"; };
		5E6CC3BA1EA4F60500FA49A3 /* libbz2.1.0.tbd */ = {isa = PBXFileReference; lastKnownFileType = "sourcecode.text-based-dylib-definition"; name = libbz2.1.0.tbd; path = usr/lib/libbz2.1.0.tbd; sourceTree = SDKROOT; };
		5EAE9BDE1D6FFF6E00BDC3F5 /* IAPManager.h */ = {isa = PBXFileReference; fileEncoding = 4; lastKnownFileType = sourcecode.c.h; name = IAPManager.h; path = iap/IAPManager.h; sourceTree = "<group>"; };
		5EAE9BDF1D6FFF6E00BDC3F5 /* IAPManager.m */ = {isa = PBXFileReference; fileEncoding = 4; lastKnownFileType = sourcecode.c.objc; name = IAPManager.m; path = iap/IAPManager.m; sourceTree = "<group>"; };
		5EAEEAA71D8E6C1000F2A257 /* CoreMotion.framework */ = {isa = PBXFileReference; lastKnownFileType = wrapper.framework; name = CoreMotion.framework; path = System/Library/Frameworks/CoreMotion.framework; sourceTree = SDKROOT; };
		78BA7FCE20F0CE9400D6AA9B /* NativeDefines.h */ = {isa = PBXFileReference; lastKnownFileType = sourcecode.c.h; path = NativeDefines.h; sourceTree = "<group>"; };
		78C2DC6920E885D000660652 /* NativeInterface.h */ = {isa = PBXFileReference; lastKnownFileType = sourcecode.c.h; path = NativeInterface.h; sourceTree = "<group>"; };
		78C2DC6A20E885D600660652 /* NativeInterface.mm */ = {isa = PBXFileReference; fileEncoding = 4; lastKnownFileType = sourcecode.cpp.objcpp; path = NativeInterface.mm; sourceTree = "<group>"; };
		78C2DC6C20E8AC9600660652 /* GoogleService-Info.plist */ = {isa = PBXFileReference; fileEncoding = 4; lastKnownFileType = text.plist.xml; name = "GoogleService-Info.plist"; path = "layabox/GoogleService-Info.plist"; sourceTree = "<group>"; };
		78C2DC6E20E8ACAD00660652 /* GoogleService-Info.plist */ = {isa = PBXFileReference; fileEncoding = 4; lastKnownFileType = text.plist.xml; path = "GoogleService-Info.plist"; sourceTree = "<group>"; };
		78E5169520E8B36800761EB0 /* FirebaseCore.framework */ = {isa = PBXFileReference; lastKnownFileType = wrapper.framework; name = FirebaseCore.framework; path = Pods/FirebaseCore/Frameworks/FirebaseCore.framework; sourceTree = "<group>"; };
		78E5169720E8B37800761EB0 /* GoogleMobileAds.framework */ = {isa = PBXFileReference; lastKnownFileType = wrapper.framework; name = GoogleMobileAds.framework; path = "Pods/Google-Mobile-Ads-SDK/Frameworks/frameworks/GoogleMobileAds.framework"; sourceTree = "<group>"; };
		78E5169920E8B3C300761EB0 /* MediaPlayer.framework */ = {isa = PBXFileReference; lastKnownFileType = wrapper.framework; name = MediaPlayer.framework; path = System/Library/Frameworks/MediaPlayer.framework; sourceTree = SDKROOT; };
		78E5169B20E8B3EE00761EB0 /* MessageUI.framework */ = {isa = PBXFileReference; lastKnownFileType = wrapper.framework; name = MessageUI.framework; path = System/Library/Frameworks/MessageUI.framework; sourceTree = SDKROOT; };
		78E5169D20E8B41700761EB0 /* MobileCoreServices.framework */ = {isa = PBXFileReference; lastKnownFileType = wrapper.framework; name = MobileCoreServices.framework; path = System/Library/Frameworks/MobileCoreServices.framework; sourceTree = SDKROOT; };
		78E516A220E8B6CA00761EB0 /* CoreMedia.framework */ = {isa = PBXFileReference; lastKnownFileType = wrapper.framework; name = CoreMedia.framework; path = System/Library/Frameworks/CoreMedia.framework; sourceTree = SDKROOT; };
		78E516A420E8B6D500761EB0 /* EventKit.framework */ = {isa = PBXFileReference; lastKnownFileType = wrapper.framework; name = EventKit.framework; path = System/Library/Frameworks/EventKit.framework; sourceTree = SDKROOT; };
		78E516A620E8B6DD00761EB0 /* EventKitUI.framework */ = {isa = PBXFileReference; lastKnownFileType = wrapper.framework; name = EventKitUI.framework; path = System/Library/Frameworks/EventKitUI.framework; sourceTree = SDKROOT; };
		A20813421D7439E6008ABB72 /* app.json */ = {isa = PBXFileReference; fileEncoding = 4; lastKnownFileType = text.json; name = app.json; path = resource/app.json; sourceTree = "<group>"; };
		A20813431D7439E6008ABB72 /* cache */ = {isa = PBXFileReference; lastKnownFileType = folder; name = cache; path = resource/cache; sourceTree = "<group>"; };
		A20813441D7439E6008ABB72 /* config.ini */ = {isa = PBXFileReference; fileEncoding = 4; lastKnownFileType = text; name = config.ini; path = resource/config.ini; sourceTree = "<group>"; };
		A20813451D7439E6008ABB72 /* Default-568h@2x.png */ = {isa = PBXFileReference; lastKnownFileType = image.png; name = "Default-568h@2x.png"; path = "resource/Default-568h@2x.png"; sourceTree = "<group>"; };
		A20813461D7439E6008ABB72 /* libconchRuntime.bundle */ = {isa = PBXFileReference; lastKnownFileType = "wrapper.plug-in"; name = libconchRuntime.bundle; path = resource/libconchRuntime.bundle; sourceTree = "<group>"; };
		A20813471D7439E6008ABB72 /* logo */ = {isa = PBXFileReference; lastKnownFileType = folder; name = logo; path = resource/logo; sourceTree = "<group>"; };
		A20813481D7439E6008ABB72 /* logo.swf */ = {isa = PBXFileReference; lastKnownFileType = file; name = logo.swf; path = resource/logo.swf; sourceTree = "<group>"; };
		A20813491D7439E6008ABB72 /* scripts */ = {isa = PBXFileReference; lastKnownFileType = folder; name = scripts; path = resource/scripts; sourceTree = "<group>"; };
		A208134A1D7439E6008ABB72 /* shaders */ = {isa = PBXFileReference; lastKnownFileType = folder; name = shaders; path = resource/shaders; sourceTree = "<group>"; };
		A2460A1C1C8DAF710032CD8D /* layabox.app */ = {isa = PBXFileReference; explicitFileType = wrapper.application; includeInIndex = 0; path = layabox.app; sourceTree = BUILT_PRODUCTS_DIR; };
		A2460A201C8DAF710032CD8D /* main.m */ = {isa = PBXFileReference; lastKnownFileType = sourcecode.c.objc; path = main.m; sourceTree = "<group>"; };
		A2460A221C8DAF710032CD8D /* AppDelegate.h */ = {isa = PBXFileReference; lastKnownFileType = sourcecode.c.h; path = AppDelegate.h; sourceTree = "<group>"; };
		A2460A231C8DAF710032CD8D /* AppDelegate.mm */ = {isa = PBXFileReference; explicitFileType = sourcecode.cpp.objcpp; path = AppDelegate.mm; sourceTree = "<group>"; };
		A2460A251C8DAF710032CD8D /* ViewController.h */ = {isa = PBXFileReference; lastKnownFileType = sourcecode.c.h; path = ViewController.h; sourceTree = "<group>"; };
		A2460A261C8DAF710032CD8D /* ViewController.mm */ = {isa = PBXFileReference; lastKnownFileType = sourcecode.cpp.objcpp; path = ViewController.mm; sourceTree = "<group>"; };
		A2460A291C8DAF710032CD8D /* Base */ = {isa = PBXFileReference; lastKnownFileType = file.storyboard; name = Base; path = Base.lproj/Main.storyboard; sourceTree = "<group>"; };
		A2460A2B1C8DAF710032CD8D /* Assets.xcassets */ = {isa = PBXFileReference; lastKnownFileType = folder.assetcatalog; path = Assets.xcassets; sourceTree = "<group>"; };
		A2460A2E1C8DAF710032CD8D /* Base */ = {isa = PBXFileReference; lastKnownFileType = file.storyboard; name = Base; path = Base.lproj/LaunchScreen.storyboard; sourceTree = "<group>"; };
		A2460A301C8DAF710032CD8D /* Info.plist */ = {isa = PBXFileReference; lastKnownFileType = text.plist.xml; path = Info.plist; sourceTree = "<group>"; };
		A2460A351C8DAF710032CD8D /* layaboxTests.xctest */ = {isa = PBXFileReference; explicitFileType = wrapper.cfbundle; includeInIndex = 0; path = layaboxTests.xctest; sourceTree = BUILT_PRODUCTS_DIR; };
		A2460A391C8DAF710032CD8D /* layaboxTests.m */ = {isa = PBXFileReference; lastKnownFileType = sourcecode.c.objc; path = layaboxTests.m; sourceTree = "<group>"; };
		A2460A3B1C8DAF710032CD8D /* Info.plist */ = {isa = PBXFileReference; lastKnownFileType = text.plist.xml; path = Info.plist; sourceTree = "<group>"; };
		A2460A401C8DAF710032CD8D /* layaboxUITests.xctest */ = {isa = PBXFileReference; explicitFileType = wrapper.cfbundle; includeInIndex = 0; path = layaboxUITests.xctest; sourceTree = BUILT_PRODUCTS_DIR; };
		A2460A441C8DAF710032CD8D /* layaboxUITests.m */ = {isa = PBXFileReference; lastKnownFileType = sourcecode.c.objc; path = layaboxUITests.m; sourceTree = "<group>"; };
		A2460A461C8DAF710032CD8D /* Info.plist */ = {isa = PBXFileReference; lastKnownFileType = text.plist.xml; path = Info.plist; sourceTree = "<group>"; };
		A2460A5A1C8DB0E10032CD8D /* MarketAppStore.h */ = {isa = PBXFileReference; fileEncoding = 4; lastKnownFileType = sourcecode.c.h; name = MarketAppStore.h; path = PlatformInterface/MarketAppStore.h; sourceTree = "<group>"; };
		A2460A5B1C8DB0E10032CD8D /* MarketAppStore.mm */ = {isa = PBXFileReference; fileEncoding = 4; lastKnownFileType = sourcecode.cpp.objcpp; name = MarketAppStore.mm; path = PlatformInterface/MarketAppStore.mm; sourceTree = "<group>"; };
		A2460A811C8DB3F10032CD8D /* Foundation.framework */ = {isa = PBXFileReference; lastKnownFileType = wrapper.framework; name = Foundation.framework; path = System/Library/Frameworks/Foundation.framework; sourceTree = SDKROOT; };
		A2460A831C8DB3FC0032CD8D /* libz.tbd */ = {isa = PBXFileReference; lastKnownFileType = "sourcecode.text-based-dylib-definition"; name = libz.tbd; path = usr/lib/libz.tbd; sourceTree = SDKROOT; };
		A2460A851C8DB4090032CD8D /* libstdc++.tbd */ = {isa = PBXFileReference; lastKnownFileType = "sourcecode.text-based-dylib-definition"; name = "libstdc++.tbd"; path = "usr/lib/libstdc++.tbd"; sourceTree = SDKROOT; };
		A2460A871C8DB4160032CD8D /* CoreTelephony.framework */ = {isa = PBXFileReference; lastKnownFileType = wrapper.framework; name = CoreTelephony.framework; path = System/Library/Frameworks/CoreTelephony.framework; sourceTree = SDKROOT; };
		A2460A891C8DB4220032CD8D /* libsqlite3.0.tbd */ = {isa = PBXFileReference; lastKnownFileType = "sourcecode.text-based-dylib-definition"; name = libsqlite3.0.tbd; path = usr/lib/libsqlite3.0.tbd; sourceTree = SDKROOT; };
		A2460A8B1C8DB4370032CD8D /* libsqlite3.tbd */ = {isa = PBXFileReference; lastKnownFileType = "sourcecode.text-based-dylib-definition"; name = libsqlite3.tbd; path = usr/lib/libsqlite3.tbd; sourceTree = SDKROOT; };
		A2460A8D1C8DB4440032CD8D /* CoreGraphics.framework */ = {isa = PBXFileReference; lastKnownFileType = wrapper.framework; name = CoreGraphics.framework; path = System/Library/Frameworks/CoreGraphics.framework; sourceTree = SDKROOT; };
		A2460A8F1C8DB4520032CD8D /* SystemConfiguration.framework */ = {isa = PBXFileReference; lastKnownFileType = wrapper.framework; name = SystemConfiguration.framework; path = System/Library/Frameworks/SystemConfiguration.framework; sourceTree = SDKROOT; };
		A2460A911C8DB4620032CD8D /* libiconv.tbd */ = {isa = PBXFileReference; lastKnownFileType = "sourcecode.text-based-dylib-definition"; name = libiconv.tbd; path = usr/lib/libiconv.tbd; sourceTree = SDKROOT; };
		A2460A931C8DB4700032CD8D /* Security.framework */ = {isa = PBXFileReference; lastKnownFileType = wrapper.framework; name = Security.framework; path = System/Library/Frameworks/Security.framework; sourceTree = SDKROOT; };
		A2460A951C8DB47C0032CD8D /* AdSupport.framework */ = {isa = PBXFileReference; lastKnownFileType = wrapper.framework; name = AdSupport.framework; path = System/Library/Frameworks/AdSupport.framework; sourceTree = SDKROOT; };
		A2460A971C8DB4870032CD8D /* StoreKit.framework */ = {isa = PBXFileReference; lastKnownFileType = wrapper.framework; name = StoreKit.framework; path = System/Library/Frameworks/StoreKit.framework; sourceTree = SDKROOT; };
		A2460A991C8DB4930032CD8D /* AVFoundation.framework */ = {isa = PBXFileReference; lastKnownFileType = wrapper.framework; name = AVFoundation.framework; path = System/Library/Frameworks/AVFoundation.framework; sourceTree = SDKROOT; };
		A2460A9B1C8DB4A80032CD8D /* AudioToolbox.framework */ = {isa = PBXFileReference; lastKnownFileType = wrapper.framework; name = AudioToolbox.framework; path = System/Library/Frameworks/AudioToolbox.framework; sourceTree = SDKROOT; };
		A2460A9D1C8DB4B50032CD8D /* JavaScriptCore.framework */ = {isa = PBXFileReference; lastKnownFileType = wrapper.framework; name = JavaScriptCore.framework; path = System/Library/Frameworks/JavaScriptCore.framework; sourceTree = SDKROOT; };
		A2460A9F1C8DB4BE0032CD8D /* OpenAL.framework */ = {isa = PBXFileReference; lastKnownFileType = wrapper.framework; name = OpenAL.framework; path = System/Library/Frameworks/OpenAL.framework; sourceTree = SDKROOT; };
		A2460AA11C8DB4C70032CD8D /* OpenGLES.framework */ = {isa = PBXFileReference; lastKnownFileType = wrapper.framework; name = OpenGLES.framework; path = System/Library/Frameworks/OpenGLES.framework; sourceTree = SDKROOT; };
		A2460AA31C8DB4D20032CD8D /* UIKit.framework */ = {isa = PBXFileReference; lastKnownFileType = wrapper.framework; name = UIKit.framework; path = System/Library/Frameworks/UIKit.framework; sourceTree = SDKROOT; };
		A2460AA51C8DB4DA0032CD8D /* GLKit.framework */ = {isa = PBXFileReference; lastKnownFileType = wrapper.framework; name = GLKit.framework; path = System/Library/Frameworks/GLKit.framework; sourceTree = SDKROOT; };
		A24C4B201F4F08BD001BCD86 /* font */ = {isa = PBXFileReference; lastKnownFileType = folder; name = font; path = resource/font; sourceTree = "<group>"; };
		A2B4F9A1D6F4FEF7412E3F39 /* Pods-layaboxUITests.debug.xcconfig */ = {isa = PBXFileReference; includeInIndex = 1; lastKnownFileType = text.xcconfig; name = "Pods-layaboxUITests.debug.xcconfig"; path = "Pods/Target Support Files/Pods-layaboxUITests/Pods-layaboxUITests.debug.xcconfig"; sourceTree = "<group>"; };
		A2E00C671D05495500B6A6B6 /* libicucore.tbd */ = {isa = PBXFileReference; lastKnownFileType = "sourcecode.text-based-dylib-definition"; name = libicucore.tbd; path = usr/lib/libicucore.tbd; sourceTree = SDKROOT; };
		BA5E19FEE0EBD53336B6826D /* libPods-layabox.a */ = {isa = PBXFileReference; explicitFileType = archive.ar; includeInIndex = 0; path = "libPods-layabox.a"; sourceTree = BUILT_PRODUCTS_DIR; };
		CD6F8749BA8C6977CA1E90A3 /* Pods-layaboxTests.release.xcconfig */ = {isa = PBXFileReference; includeInIndex = 1; lastKnownFileType = text.xcconfig; name = "Pods-layaboxTests.release.xcconfig"; path = "Pods/Target Support Files/Pods-layaboxTests/Pods-layaboxTests.release.xcconfig"; sourceTree = "<group>"; };
		D3E7D114866ED430ABE0D3C8 /* libPods-layaboxTests.a */ = {isa = PBXFileReference; explicitFileType = archive.ar; includeInIndex = 0; path = "libPods-layaboxTests.a"; sourceTree = BUILT_PRODUCTS_DIR; };
/* End PBXFileReference section */

/* Begin PBXFrameworksBuildPhase section */
		A2460A191C8DAF710032CD8D /* Frameworks */ = {
			isa = PBXFrameworksBuildPhase;
			buildActionMask = 2147483647;
			files = (
				78E516A820E8B7FD00761EB0 /* SystemConfiguration.framework in Frameworks */,
				78E516A720E8B6DD00761EB0 /* EventKitUI.framework in Frameworks */,
				78E516A520E8B6D500761EB0 /* EventKit.framework in Frameworks */,
				78E516A320E8B6CA00761EB0 /* CoreMedia.framework in Frameworks */,
				78E5169E20E8B41700761EB0 /* MobileCoreServices.framework in Frameworks */,
				78E5169C20E8B3EF00761EB0 /* MessageUI.framework in Frameworks */,
				78E5169A20E8B3C300761EB0 /* MediaPlayer.framework in Frameworks */,
				78E5169820E8B37800761EB0 /* GoogleMobileAds.framework in Frameworks */,
				78E5169620E8B36800761EB0 /* FirebaseCore.framework in Frameworks */,
				5E8E564220483BDA00A4B815 /* JavaScriptCore.framework in Frameworks */,
				5E6CC3BB1EA4F60500FA49A3 /* libbz2.1.0.tbd in Frameworks */,
				5E63101A1D8FDA1900FBDC6D /* AudioToolbox.framework in Frameworks */,
				5EAEEAA81D8E6C1000F2A257 /* CoreMotion.framework in Frameworks */,
				A25D2CB61D22525B00E21255 /* AdSupport.framework in Frameworks */,
				A2E00C681D05495500B6A6B6 /* libicucore.tbd in Frameworks */,
				A24420671C8EC97F00BB430C /* AVFoundation.framework in Frameworks */,
				A24420661C8EC96500BB430C /* CoreTelephony.framework in Frameworks */,
				A2460AA91C8DBAD00032CD8D /* UIKit.framework in Frameworks */,
				A2460AA61C8DB4DA0032CD8D /* GLKit.framework in Frameworks */,
				A2460AA21C8DB4C80032CD8D /* OpenGLES.framework in Frameworks */,
				A2460AA01C8DB4BE0032CD8D /* OpenAL.framework in Frameworks */,
				A2460A8E1C8DB4440032CD8D /* CoreGraphics.framework in Frameworks */,
				4CABDF5DEA5A6B79E03ED611 /* libPods-layabox.a in Frameworks */,
			);
			runOnlyForDeploymentPostprocessing = 0;
		};
		A2460A321C8DAF710032CD8D /* Frameworks */ = {
			isa = PBXFrameworksBuildPhase;
			buildActionMask = 2147483647;
			files = (
				C46E832563FF1E16DA88B94D /* libPods-layaboxTests.a in Frameworks */,
			);
			runOnlyForDeploymentPostprocessing = 0;
		};
		A2460A3D1C8DAF710032CD8D /* Frameworks */ = {
			isa = PBXFrameworksBuildPhase;
			buildActionMask = 2147483647;
			files = (
				63B04F65CE4570E2B11A09BE /* libPods-layaboxUITests.a in Frameworks */,
			);
			runOnlyForDeploymentPostprocessing = 0;
		};
/* End PBXFrameworksBuildPhase section */

/* Begin PBXGroup section */
		57B47EAF3FFFF776222B70B9 /* Pods */ = {
			isa = PBXGroup;
			children = (
				14B16C60D2B3D6B3917BDA04 /* Pods-layabox.debug.xcconfig */,
				3807CBA2B960F5B3C014C33C /* Pods-layabox.release.xcconfig */,
				252416DE35B5409443492966 /* Pods-layaboxTests.debug.xcconfig */,
				CD6F8749BA8C6977CA1E90A3 /* Pods-layaboxTests.release.xcconfig */,
				A2B4F9A1D6F4FEF7412E3F39 /* Pods-layaboxUITests.debug.xcconfig */,
				155303209FD48FA0A15BC84E /* Pods-layaboxUITests.release.xcconfig */,
			);
			name = Pods;
			sourceTree = "<group>";
		};
		5E6CC3B91EA4F60200FA49A3 /* Frameworks */ = {
			isa = PBXGroup;
			children = (
				78E516A620E8B6DD00761EB0 /* EventKitUI.framework */,
				78E516A420E8B6D500761EB0 /* EventKit.framework */,
				78E516A220E8B6CA00761EB0 /* CoreMedia.framework */,
				78E5169D20E8B41700761EB0 /* MobileCoreServices.framework */,
				78E5169B20E8B3EE00761EB0 /* MessageUI.framework */,
				78E5169920E8B3C300761EB0 /* MediaPlayer.framework */,
				78E5169720E8B37800761EB0 /* GoogleMobileAds.framework */,
				78E5169520E8B36800761EB0 /* FirebaseCore.framework */,
				78C2DC6C20E8AC9600660652 /* GoogleService-Info.plist */,
				5E6CC3BA1EA4F60500FA49A3 /* libbz2.1.0.tbd */,
				BA5E19FEE0EBD53336B6826D /* libPods-layabox.a */,
				D3E7D114866ED430ABE0D3C8 /* libPods-layaboxTests.a */,
				19A5062BE211132DCDC23DA4 /* libPods-layaboxUITests.a */,
			);
			name = Frameworks;
			sourceTree = "<group>";
		};
		5EAE9BDB1D6FFEB800BDC3F5 /* iap */ = {
			isa = PBXGroup;
			children = (
				5EAE9BDE1D6FFF6E00BDC3F5 /* IAPManager.h */,
				5EAE9BDF1D6FFF6E00BDC3F5 /* IAPManager.m */,
			);
			name = iap;
			sourceTree = "<group>";
		};
		A2460A131C8DAF710032CD8D = {
			isa = PBXGroup;
			children = (
				5EAEEAA71D8E6C1000F2A257 /* CoreMotion.framework */,
				A2E00C671D05495500B6A6B6 /* libicucore.tbd */,
				A2460AA51C8DB4DA0032CD8D /* GLKit.framework */,
				A2460AA31C8DB4D20032CD8D /* UIKit.framework */,
				A2460AA11C8DB4C70032CD8D /* OpenGLES.framework */,
				A2460A9F1C8DB4BE0032CD8D /* OpenAL.framework */,
				A2460A9D1C8DB4B50032CD8D /* JavaScriptCore.framework */,
				A2460A9B1C8DB4A80032CD8D /* AudioToolbox.framework */,
				A2460A991C8DB4930032CD8D /* AVFoundation.framework */,
				A2460A971C8DB4870032CD8D /* StoreKit.framework */,
				A2460A951C8DB47C0032CD8D /* AdSupport.framework */,
				A2460A931C8DB4700032CD8D /* Security.framework */,
				A2460A911C8DB4620032CD8D /* libiconv.tbd */,
				A2460A8F1C8DB4520032CD8D /* SystemConfiguration.framework */,
				A2460A8D1C8DB4440032CD8D /* CoreGraphics.framework */,
				A2460A8B1C8DB4370032CD8D /* libsqlite3.tbd */,
				A2460A891C8DB4220032CD8D /* libsqlite3.0.tbd */,
				A2460A871C8DB4160032CD8D /* CoreTelephony.framework */,
				A2460A851C8DB4090032CD8D /* libstdc++.tbd */,
				A2460A831C8DB3FC0032CD8D /* libz.tbd */,
				A2460A811C8DB3F10032CD8D /* Foundation.framework */,
				A2460A621C8DB1B70032CD8D /* resource */,
				A2460A1E1C8DAF710032CD8D /* layabox */,
				A2460A381C8DAF710032CD8D /* layaboxTests */,
				A2460A431C8DAF710032CD8D /* layaboxUITests */,
				A2460A1D1C8DAF710032CD8D /* Products */,
				5E6CC3B91EA4F60200FA49A3 /* Frameworks */,
				57B47EAF3FFFF776222B70B9 /* Pods */,
			);
			sourceTree = "<group>";
		};
		A2460A1D1C8DAF710032CD8D /* Products */ = {
			isa = PBXGroup;
			children = (
				A2460A1C1C8DAF710032CD8D /* layabox.app */,
				A2460A351C8DAF710032CD8D /* layaboxTests.xctest */,
				A2460A401C8DAF710032CD8D /* layaboxUITests.xctest */,
			);
			name = Products;
			sourceTree = "<group>";
		};
		A2460A1E1C8DAF710032CD8D /* layabox */ = {
			isa = PBXGroup;
			children = (
				78C2DC6E20E8ACAD00660652 /* GoogleService-Info.plist */,
				5EAE9BDB1D6FFEB800BDC3F5 /* iap */,
				A2460A591C8DB0D50032CD8D /* PlatformInterface */,
				A2460A221C8DAF710032CD8D /* AppDelegate.h */,
				A2460A231C8DAF710032CD8D /* AppDelegate.mm */,
				A2460A251C8DAF710032CD8D /* ViewController.h */,
				A2460A261C8DAF710032CD8D /* ViewController.mm */,
				A2460A281C8DAF710032CD8D /* Main.storyboard */,
				A2460A2B1C8DAF710032CD8D /* Assets.xcassets */,
				A2460A2D1C8DAF710032CD8D /* LaunchScreen.storyboard */,
				A2460A301C8DAF710032CD8D /* Info.plist */,
				78C2DC6920E885D000660652 /* NativeInterface.h */,
				78C2DC6A20E885D600660652 /* NativeInterface.mm */,
				A2460A1F1C8DAF710032CD8D /* Supporting Files */,
				78BA7FCE20F0CE9400D6AA9B /* NativeDefines.h */,
			);
			path = layabox;
			sourceTree = "<group>";
		};
		A2460A1F1C8DAF710032CD8D /* Supporting Files */ = {
			isa = PBXGroup;
			children = (
				A2460A201C8DAF710032CD8D /* main.m */,
			);
			name = "Supporting Files";
			sourceTree = "<group>";
		};
		A2460A381C8DAF710032CD8D /* layaboxTests */ = {
			isa = PBXGroup;
			children = (
				A2460A391C8DAF710032CD8D /* layaboxTests.m */,
				A2460A3B1C8DAF710032CD8D /* Info.plist */,
			);
			path = layaboxTests;
			sourceTree = "<group>";
		};
		A2460A431C8DAF710032CD8D /* layaboxUITests */ = {
			isa = PBXGroup;
			children = (
				A2460A441C8DAF710032CD8D /* layaboxUITests.m */,
				A2460A461C8DAF710032CD8D /* Info.plist */,
			);
			path = layaboxUITests;
			sourceTree = "<group>";
		};
		A2460A591C8DB0D50032CD8D /* PlatformInterface */ = {
			isa = PBXGroup;
			children = (
				A2460A5A1C8DB0E10032CD8D /* MarketAppStore.h */,
				A2460A5B1C8DB0E10032CD8D /* MarketAppStore.mm */,
			);
			name = PlatformInterface;
			sourceTree = "<group>";
		};
		A2460A621C8DB1B70032CD8D /* resource */ = {
			isa = PBXGroup;
			children = (
				A24C4B201F4F08BD001BCD86 /* font */,
				A20813421D7439E6008ABB72 /* app.json */,
				A20813431D7439E6008ABB72 /* cache */,
				A20813441D7439E6008ABB72 /* config.ini */,
				A20813451D7439E6008ABB72 /* Default-568h@2x.png */,
				A20813461D7439E6008ABB72 /* libconchRuntime.bundle */,
				A20813471D7439E6008ABB72 /* logo */,
				A20813481D7439E6008ABB72 /* logo.swf */,
				A20813491D7439E6008ABB72 /* scripts */,
				A208134A1D7439E6008ABB72 /* shaders */,
			);
			name = resource;
			sourceTree = "<group>";
		};
/* End PBXGroup section */

/* Begin PBXNativeTarget section */
		A2460A1B1C8DAF710032CD8D /* layabox */ = {
			isa = PBXNativeTarget;
			buildConfigurationList = A2460A491C8DAF710032CD8D /* Build configuration list for PBXNativeTarget "layabox" */;
			buildPhases = (
				950A7BCE29D6D3704C750779 /* [CP] Check Pods Manifest.lock */,
				A2460A181C8DAF710032CD8D /* Sources */,
				A2460A191C8DAF710032CD8D /* Frameworks */,
				A2460A1A1C8DAF710032CD8D /* Resources */,
			);
			buildRules = (
			);
			dependencies = (
			);
			name = layabox;
			productName = layabox;
			productReference = A2460A1C1C8DAF710032CD8D /* layabox.app */;
			productType = "com.apple.product-type.application";
		};
		A2460A341C8DAF710032CD8D /* layaboxTests */ = {
			isa = PBXNativeTarget;
			buildConfigurationList = A2460A4C1C8DAF710032CD8D /* Build configuration list for PBXNativeTarget "layaboxTests" */;
			buildPhases = (
				83B4454D5238EA0983875A78 /* [CP] Check Pods Manifest.lock */,
				A2460A311C8DAF710032CD8D /* Sources */,
				A2460A321C8DAF710032CD8D /* Frameworks */,
				A2460A331C8DAF710032CD8D /* Resources */,
			);
			buildRules = (
			);
			dependencies = (
				A2460A371C8DAF710032CD8D /* PBXTargetDependency */,
			);
			name = layaboxTests;
			productName = layaboxTests;
			productReference = A2460A351C8DAF710032CD8D /* layaboxTests.xctest */;
			productType = "com.apple.product-type.bundle.unit-test";
		};
		A2460A3F1C8DAF710032CD8D /* layaboxUITests */ = {
			isa = PBXNativeTarget;
			buildConfigurationList = A2460A4F1C8DAF710032CD8D /* Build configuration list for PBXNativeTarget "layaboxUITests" */;
			buildPhases = (
				FC3F0EEFE865CCDA9B6272FC /* [CP] Check Pods Manifest.lock */,
				A2460A3C1C8DAF710032CD8D /* Sources */,
				A2460A3D1C8DAF710032CD8D /* Frameworks */,
				A2460A3E1C8DAF710032CD8D /* Resources */,
			);
			buildRules = (
			);
			dependencies = (
				A2460A421C8DAF710032CD8D /* PBXTargetDependency */,
			);
			name = layaboxUITests;
			productName = layaboxUITests;
			productReference = A2460A401C8DAF710032CD8D /* layaboxUITests.xctest */;
			productType = "com.apple.product-type.bundle.ui-testing";
		};
/* End PBXNativeTarget section */

/* Begin PBXProject section */
		A2460A141C8DAF710032CD8D /* Project object */ = {
			isa = PBXProject;
			attributes = {
				LastUpgradeCheck = 0720;
				ORGANIZATIONNAME = layabox;
				TargetAttributes = {
					A2460A1B1C8DAF710032CD8D = {
						CreatedOnToolsVersion = 7.2.1;
						DevelopmentTeam = N5DB43BU8M;
					};
					A2460A341C8DAF710032CD8D = {
						CreatedOnToolsVersion = 7.2.1;
						TestTargetID = A2460A1B1C8DAF710032CD8D;
					};
					A2460A3F1C8DAF710032CD8D = {
						CreatedOnToolsVersion = 7.2.1;
						TestTargetID = A2460A1B1C8DAF710032CD8D;
					};
				};
			};
			buildConfigurationList = A2460A171C8DAF710032CD8D /* Build configuration list for PBXProject "layabox" */;
			compatibilityVersion = "Xcode 3.2";
			developmentRegion = English;
			hasScannedForEncodings = 0;
			knownRegions = (
				en,
				Base,
			);
			mainGroup = A2460A131C8DAF710032CD8D;
			productRefGroup = A2460A1D1C8DAF710032CD8D /* Products */;
			projectDirPath = "";
			projectRoot = "";
			targets = (
				A2460A1B1C8DAF710032CD8D /* layabox */,
				A2460A341C8DAF710032CD8D /* layaboxTests */,
				A2460A3F1C8DAF710032CD8D /* layaboxUITests */,
			);
		};
/* End PBXProject section */

/* Begin PBXResourcesBuildPhase section */
		A2460A1A1C8DAF710032CD8D /* Resources */ = {
			isa = PBXResourcesBuildPhase;
			buildActionMask = 2147483647;
			files = (
				A208134C1D7439E6008ABB72 /* cache in Resources */,
				A20813521D7439E6008ABB72 /* scripts in Resources */,
				78C2DC6F20E8ACAE00660652 /* GoogleService-Info.plist in Resources */,
				A20813501D7439E6008ABB72 /* logo in Resources */,
				A2460A2F1C8DAF710032CD8D /* LaunchScreen.storyboard in Resources */,
				A208134B1D7439E6008ABB72 /* app.json in Resources */,
				A2460A2C1C8DAF710032CD8D /* Assets.xcassets in Resources */,
				A208134F1D7439E6008ABB72 /* libconchRuntime.bundle in Resources */,
				A208134D1D7439E6008ABB72 /* config.ini in Resources */,
				A208134E1D7439E6008ABB72 /* Default-568h@2x.png in Resources */,
				A20813531D7439E6008ABB72 /* shaders in Resources */,
				A24C4B211F4F08BD001BCD86 /* font in Resources */,
				A2460A2A1C8DAF710032CD8D /* Main.storyboard in Resources */,
				A20813511D7439E6008ABB72 /* logo.swf in Resources */,
				78C2DC6D20E8AC9600660652 /* GoogleService-Info.plist in Resources */,
			);
			runOnlyForDeploymentPostprocessing = 0;
		};
		A2460A331C8DAF710032CD8D /* Resources */ = {
			isa = PBXResourcesBuildPhase;
			buildActionMask = 2147483647;
			files = (
			);
			runOnlyForDeploymentPostprocessing = 0;
		};
		A2460A3E1C8DAF710032CD8D /* Resources */ = {
			isa = PBXResourcesBuildPhase;
			buildActionMask = 2147483647;
			files = (
			);
			runOnlyForDeploymentPostprocessing = 0;
		};
/* End PBXResourcesBuildPhase section */

/* Begin PBXShellScriptBuildPhase section */
		83B4454D5238EA0983875A78 /* [CP] Check Pods Manifest.lock */ = {
			isa = PBXShellScriptBuildPhase;
			buildActionMask = 2147483647;
			files = (
			);
			inputPaths = (
				"${PODS_PODFILE_DIR_PATH}/Podfile.lock",
				"${PODS_ROOT}/Manifest.lock",
			);
			name = "[CP] Check Pods Manifest.lock";
			outputPaths = (
				"$(DERIVED_FILE_DIR)/Pods-layaboxTests-checkManifestLockResult.txt",
			);
			runOnlyForDeploymentPostprocessing = 0;
			shellPath = /bin/sh;
			shellScript = "diff \"${PODS_PODFILE_DIR_PATH}/Podfile.lock\" \"${PODS_ROOT}/Manifest.lock\" > /dev/null\nif [ $? != 0 ] ; then\n    # print error to STDERR\n    echo \"error: The sandbox is not in sync with the Podfile.lock. Run 'pod install' or update your CocoaPods installation.\" >&2\n    exit 1\nfi\n# This output is used by Xcode 'outputs' to avoid re-running this script phase.\necho \"SUCCESS\" > \"${SCRIPT_OUTPUT_FILE_0}\"\n";
			showEnvVarsInLog = 0;
		};
		950A7BCE29D6D3704C750779 /* [CP] Check Pods Manifest.lock */ = {
			isa = PBXShellScriptBuildPhase;
			buildActionMask = 2147483647;
			files = (
			);
			inputPaths = (
				"${PODS_PODFILE_DIR_PATH}/Podfile.lock",
				"${PODS_ROOT}/Manifest.lock",
			);
			name = "[CP] Check Pods Manifest.lock";
			outputPaths = (
				"$(DERIVED_FILE_DIR)/Pods-layabox-checkManifestLockResult.txt",
			);
			runOnlyForDeploymentPostprocessing = 0;
			shellPath = /bin/sh;
			shellScript = "diff \"${PODS_PODFILE_DIR_PATH}/Podfile.lock\" \"${PODS_ROOT}/Manifest.lock\" > /dev/null\nif [ $? != 0 ] ; then\n    # print error to STDERR\n    echo \"error: The sandbox is not in sync with the Podfile.lock. Run 'pod install' or update your CocoaPods installation.\" >&2\n    exit 1\nfi\n# This output is used by Xcode 'outputs' to avoid re-running this script phase.\necho \"SUCCESS\" > \"${SCRIPT_OUTPUT_FILE_0}\"\n";
			showEnvVarsInLog = 0;
		};
		FC3F0EEFE865CCDA9B6272FC /* [CP] Check Pods Manifest.lock */ = {
			isa = PBXShellScriptBuildPhase;
			buildActionMask = 2147483647;
			files = (
			);
			inputPaths = (
				"${PODS_PODFILE_DIR_PATH}/Podfile.lock",
				"${PODS_ROOT}/Manifest.lock",
			);
			name = "[CP] Check Pods Manifest.lock";
			outputPaths = (
				"$(DERIVED_FILE_DIR)/Pods-layaboxUITests-checkManifestLockResult.txt",
			);
			runOnlyForDeploymentPostprocessing = 0;
			shellPath = /bin/sh;
			shellScript = "diff \"${PODS_PODFILE_DIR_PATH}/Podfile.lock\" \"${PODS_ROOT}/Manifest.lock\" > /dev/null\nif [ $? != 0 ] ; then\n    # print error to STDERR\n    echo \"error: The sandbox is not in sync with the Podfile.lock. Run 'pod install' or update your CocoaPods installation.\" >&2\n    exit 1\nfi\n# This output is used by Xcode 'outputs' to avoid re-running this script phase.\necho \"SUCCESS\" > \"${SCRIPT_OUTPUT_FILE_0}\"\n";
			showEnvVarsInLog = 0;
		};
/* End PBXShellScriptBuildPhase section */

/* Begin PBXSourcesBuildPhase section */
		A2460A181C8DAF710032CD8D /* Sources */ = {
			isa = PBXSourcesBuildPhase;
			buildActionMask = 2147483647;
			files = (
				A2460A271C8DAF710032CD8D /* ViewController.mm in Sources */,
				5EAE9BE01D6FFF6E00BDC3F5 /* IAPManager.m in Sources */,
				78C2DC6B20E885D600660652 /* NativeInterface.mm in Sources */,
				A2460A241C8DAF710032CD8D /* AppDelegate.mm in Sources */,
				A2460A211C8DAF710032CD8D /* main.m in Sources */,
				A2460A5C1C8DB0E10032CD8D /* MarketAppStore.mm in Sources */,
			);
			runOnlyForDeploymentPostprocessing = 0;
		};
		A2460A311C8DAF710032CD8D /* Sources */ = {
			isa = PBXSourcesBuildPhase;
			buildActionMask = 2147483647;
			files = (
				A2460A3A1C8DAF710032CD8D /* layaboxTests.m in Sources */,
			);
			runOnlyForDeploymentPostprocessing = 0;
		};
		A2460A3C1C8DAF710032CD8D /* Sources */ = {
			isa = PBXSourcesBuildPhase;
			buildActionMask = 2147483647;
			files = (
				A2460A451C8DAF710032CD8D /* layaboxUITests.m in Sources */,
			);
			runOnlyForDeploymentPostprocessing = 0;
		};
/* End PBXSourcesBuildPhase section */

/* Begin PBXTargetDependency section */
		A2460A371C8DAF710032CD8D /* PBXTargetDependency */ = {
			isa = PBXTargetDependency;
			target = A2460A1B1C8DAF710032CD8D /* layabox */;
			targetProxy = A2460A361C8DAF710032CD8D /* PBXContainerItemProxy */;
		};
		A2460A421C8DAF710032CD8D /* PBXTargetDependency */ = {
			isa = PBXTargetDependency;
			target = A2460A1B1C8DAF710032CD8D /* layabox */;
			targetProxy = A2460A411C8DAF710032CD8D /* PBXContainerItemProxy */;
		};
/* End PBXTargetDependency section */

/* Begin PBXVariantGroup section */
		A2460A281C8DAF710032CD8D /* Main.storyboard */ = {
			isa = PBXVariantGroup;
			children = (
				A2460A291C8DAF710032CD8D /* Base */,
			);
			name = Main.storyboard;
			sourceTree = "<group>";
		};
		A2460A2D1C8DAF710032CD8D /* LaunchScreen.storyboard */ = {
			isa = PBXVariantGroup;
			children = (
				A2460A2E1C8DAF710032CD8D /* Base */,
			);
			name = LaunchScreen.storyboard;
			sourceTree = "<group>";
		};
/* End PBXVariantGroup section */

/* Begin XCBuildConfiguration section */
		A2460A471C8DAF710032CD8D /* Debug */ = {
			isa = XCBuildConfiguration;
			buildSettings = {
				ALWAYS_SEARCH_USER_PATHS = NO;
				CLANG_CXX_LANGUAGE_STANDARD = "gnu++0x";
				CLANG_CXX_LIBRARY = "libc++";
				CLANG_ENABLE_MODULES = YES;
				CLANG_ENABLE_OBJC_ARC = YES;
				CLANG_WARN_BOOL_CONVERSION = YES;
				CLANG_WARN_CONSTANT_CONVERSION = YES;
				CLANG_WARN_DIRECT_OBJC_ISA_USAGE = YES_ERROR;
				CLANG_WARN_EMPTY_BODY = YES;
				CLANG_WARN_ENUM_CONVERSION = YES;
				CLANG_WARN_INT_CONVERSION = YES;
				CLANG_WARN_OBJC_ROOT_CLASS = YES_ERROR;
				CLANG_WARN_UNREACHABLE_CODE = YES;
				CLANG_WARN__DUPLICATE_METHOD_MATCH = YES;
				"CODE_SIGN_IDENTITY[sdk=iphoneos*]" = "iPhone Developer";
				COPY_PHASE_STRIP = NO;
				DEBUG_INFORMATION_FORMAT = dwarf;
				ENABLE_STRICT_OBJC_MSGSEND = YES;
				ENABLE_TESTABILITY = YES;
				GCC_C_LANGUAGE_STANDARD = gnu99;
				GCC_DYNAMIC_NO_PIC = NO;
				GCC_NO_COMMON_BLOCKS = YES;
				GCC_OPTIMIZATION_LEVEL = 0;
				GCC_PREPROCESSOR_DEFINITIONS = (
					"DEBUG=1",
					"$(inherited)",
				);
				GCC_WARN_64_TO_32_BIT_CONVERSION = YES;
				GCC_WARN_ABOUT_RETURN_TYPE = YES_ERROR;
				GCC_WARN_UNDECLARED_SELECTOR = YES;
				GCC_WARN_UNINITIALIZED_AUTOS = YES_AGGRESSIVE;
				GCC_WARN_UNUSED_FUNCTION = YES;
				GCC_WARN_UNUSED_VARIABLE = YES;
				IPHONEOS_DEPLOYMENT_TARGET = 9.2;
				MTL_ENABLE_DEBUG_INFO = YES;
				ONLY_ACTIVE_ARCH = YES;
				SDKROOT = iphoneos;
				TARGETED_DEVICE_FAMILY = "1,2";
			};
			name = Debug;
		};
		A2460A481C8DAF710032CD8D /* Release */ = {
			isa = XCBuildConfiguration;
			buildSettings = {
				ALWAYS_SEARCH_USER_PATHS = NO;
				CLANG_CXX_LANGUAGE_STANDARD = "gnu++0x";
				CLANG_CXX_LIBRARY = "libc++";
				CLANG_ENABLE_MODULES = YES;
				CLANG_ENABLE_OBJC_ARC = YES;
				CLANG_WARN_BOOL_CONVERSION = YES;
				CLANG_WARN_CONSTANT_CONVERSION = YES;
				CLANG_WARN_DIRECT_OBJC_ISA_USAGE = YES_ERROR;
				CLANG_WARN_EMPTY_BODY = YES;
				CLANG_WARN_ENUM_CONVERSION = YES;
				CLANG_WARN_INT_CONVERSION = YES;
				CLANG_WARN_OBJC_ROOT_CLASS = YES_ERROR;
				CLANG_WARN_UNREACHABLE_CODE = YES;
				CLANG_WARN__DUPLICATE_METHOD_MATCH = YES;
				"CODE_SIGN_IDENTITY[sdk=iphoneos*]" = "iPhone Developer";
				COPY_PHASE_STRIP = NO;
				DEBUG_INFORMATION_FORMAT = "dwarf-with-dsym";
				ENABLE_NS_ASSERTIONS = NO;
				ENABLE_STRICT_OBJC_MSGSEND = YES;
				GCC_C_LANGUAGE_STANDARD = gnu99;
				GCC_NO_COMMON_BLOCKS = YES;
				GCC_WARN_64_TO_32_BIT_CONVERSION = YES;
				GCC_WARN_ABOUT_RETURN_TYPE = YES_ERROR;
				GCC_WARN_UNDECLARED_SELECTOR = YES;
				GCC_WARN_UNINITIALIZED_AUTOS = YES_AGGRESSIVE;
				GCC_WARN_UNUSED_FUNCTION = YES;
				GCC_WARN_UNUSED_VARIABLE = YES;
				IPHONEOS_DEPLOYMENT_TARGET = 9.2;
				MTL_ENABLE_DEBUG_INFO = NO;
				SDKROOT = iphoneos;
				TARGETED_DEVICE_FAMILY = "1,2";
				VALIDATE_PRODUCT = YES;
			};
			name = Release;
		};
		A2460A4A1C8DAF710032CD8D /* Debug */ = {
			isa = XCBuildConfiguration;
			baseConfigurationReference = 14B16C60D2B3D6B3917BDA04 /* Pods-layabox.debug.xcconfig */;
			buildSettings = {
				ASSETCATALOG_COMPILER_APPICON_NAME = AppIcon;
				CODE_SIGN_IDENTITY = "iPhone Developer";
				"CODE_SIGN_IDENTITY[sdk=iphoneos*]" = "iPhone Developer";
				DEVELOPMENT_TEAM = N5DB43BU8M;
				ENABLE_BITCODE = NO;
				FRAMEWORK_SEARCH_PATHS = (
					"$(inherited)",
					"$(PROJECT_DIR)/Pods/FirebaseCore/Frameworks",
					"$(PROJECT_DIR)/Pods/Google-Mobile-Ads-SDK/Frameworks/frameworks",
				);
				INFOPLIST_FILE = layabox/Info.plist;
				IPHONEOS_DEPLOYMENT_TARGET = 7.0;
				LD_RUNPATH_SEARCH_PATHS = "$(inherited) @executable_path/Frameworks";
				LIBRARY_SEARCH_PATHS = "../LayaRuntime-iOS/libs";
				OTHER_CFLAGS = "-I../LayaRuntime-iOS/include/";
				OTHER_LDFLAGS = "-lconch";
				PRODUCT_BUNDLE_IDENTIFIER = com.superteam.lzbfrog;
				PRODUCT_NAME = "$(TARGET_NAME)";
				PROVISIONING_PROFILE = "";
				VALID_ARCHS = "arm64 armv7";
			};
			name = Debug;
		};
		A2460A4B1C8DAF710032CD8D /* Release */ = {
			isa = XCBuildConfiguration;
			baseConfigurationReference = 3807CBA2B960F5B3C014C33C /* Pods-layabox.release.xcconfig */;
			buildSettings = {
				ASSETCATALOG_COMPILER_APPICON_NAME = AppIcon;
				CODE_SIGN_IDENTITY = "iPhone Developer";
				"CODE_SIGN_IDENTITY[sdk=iphoneos*]" = "iPhone Developer";
				DEVELOPMENT_TEAM = N5DB43BU8M;
				ENABLE_BITCODE = NO;
				FRAMEWORK_SEARCH_PATHS = (
					"$(inherited)",
					"$(PROJECT_DIR)/Pods/FirebaseCore/Frameworks",
					"$(PROJECT_DIR)/Pods/Google-Mobile-Ads-SDK/Frameworks/frameworks",
				);
				INFOPLIST_FILE = layabox/Info.plist;
				IPHONEOS_DEPLOYMENT_TARGET = 7.0;
				LD_RUNPATH_SEARCH_PATHS = "$(inherited) @executable_path/Frameworks";
				LIBRARY_SEARCH_PATHS = "../LayaRuntime-iOS/libs";
				OTHER_CFLAGS = "-I../LayaRuntime-iOS/include/";
				OTHER_LDFLAGS = "-lconch";
				PRODUCT_BUNDLE_IDENTIFIER = com.superteam.lzbfrog;
				PRODUCT_NAME = "$(TARGET_NAME)";
				PROVISIONING_PROFILE = "";
				VALID_ARCHS = "arm64 armv7";
			};
			name = Release;
		};
		A2460A4D1C8DAF710032CD8D /* Debug */ = {
			isa = XCBuildConfiguration;
			baseConfigurationReference = 252416DE35B5409443492966 /* Pods-layaboxTests.debug.xcconfig */;
			buildSettings = {
				BUNDLE_LOADER = "$(TEST_HOST)";
				INFOPLIST_FILE = layaboxTests/Info.plist;
				LD_RUNPATH_SEARCH_PATHS = "$(inherited) @executable_path/Frameworks @loader_path/Frameworks";
				PRODUCT_BUNDLE_IDENTIFIER = comd.laya.layaboxTests;
				PRODUCT_NAME = "$(TARGET_NAME)";
				TEST_HOST = "$(BUILT_PRODUCTS_DIR)/layabox.app/layabox";
			};
			name = Debug;
		};
		A2460A4E1C8DAF710032CD8D /* Release */ = {
			isa = XCBuildConfiguration;
			baseConfigurationReference = CD6F8749BA8C6977CA1E90A3 /* Pods-layaboxTests.release.xcconfig */;
			buildSettings = {
				BUNDLE_LOADER = "$(TEST_HOST)";
				INFOPLIST_FILE = layaboxTests/Info.plist;
				LD_RUNPATH_SEARCH_PATHS = "$(inherited) @executable_path/Frameworks @loader_path/Frameworks";
				PRODUCT_BUNDLE_IDENTIFIER = comd.laya.layaboxTests;
				PRODUCT_NAME = "$(TARGET_NAME)";
				TEST_HOST = "$(BUILT_PRODUCTS_DIR)/layabox.app/layabox";
			};
			name = Release;
		};
		A2460A501C8DAF710032CD8D /* Debug */ = {
			isa = XCBuildConfiguration;
			baseConfigurationReference = A2B4F9A1D6F4FEF7412E3F39 /* Pods-layaboxUITests.debug.xcconfig */;
			buildSettings = {
				INFOPLIST_FILE = layaboxUITests/Info.plist;
				LD_RUNPATH_SEARCH_PATHS = "$(inherited) @executable_path/Frameworks @loader_path/Frameworks";
				PRODUCT_BUNDLE_IDENTIFIER = comd.laya.layaboxUITests;
				PRODUCT_NAME = "$(TARGET_NAME)";
				TEST_TARGET_NAME = layabox;
				USES_XCTRUNNER = YES;
			};
			name = Debug;
		};
		A2460A511C8DAF710032CD8D /* Release */ = {
			isa = XCBuildConfiguration;
			baseConfigurationReference = 155303209FD48FA0A15BC84E /* Pods-layaboxUITests.release.xcconfig */;
			buildSettings = {
				INFOPLIST_FILE = layaboxUITests/Info.plist;
				LD_RUNPATH_SEARCH_PATHS = "$(inherited) @executable_path/Frameworks @loader_path/Frameworks";
				PRODUCT_BUNDLE_IDENTIFIER = comd.laya.layaboxUITests;
				PRODUCT_NAME = "$(TARGET_NAME)";
				TEST_TARGET_NAME = layabox;
				USES_XCTRUNNER = YES;
			};
			name = Release;
		};
/* End XCBuildConfiguration section */

/* Begin XCConfigurationList section */
		A2460A171C8DAF710032CD8D /* Build configuration list for PBXProject "layabox" */ = {
			isa = XCConfigurationList;
			buildConfigurations = (
				A2460A471C8DAF710032CD8D /* Debug */,
				A2460A481C8DAF710032CD8D /* Release */,
			);
			defaultConfigurationIsVisible = 0;
			defaultConfigurationName = Release;
		};
		A2460A491C8DAF710032CD8D /* Build configuration list for PBXNativeTarget "layabox" */ = {
			isa = XCConfigurationList;
			buildConfigurations = (
				A2460A4A1C8DAF710032CD8D /* Debug */,
				A2460A4B1C8DAF710032CD8D /* Release */,
			);
			defaultConfigurationIsVisible = 0;
			defaultConfigurationName = Release;
		};
		A2460A4C1C8DAF710032CD8D /* Build configuration list for PBXNativeTarget "layaboxTests" */ = {
			isa = XCConfigurationList;
			buildConfigurations = (
				A2460A4D1C8DAF710032CD8D /* Debug */,
				A2460A4E1C8DAF710032CD8D /* Release */,
			);
			defaultConfigurationIsVisible = 0;
			defaultConfigurationName = Release;
		};
		A2460A4F1C8DAF710032CD8D /* Build configuration list for PBXNativeTarget "layaboxUITests" */ = {
			isa = XCConfigurationList;
			buildConfigurations = (
				A2460A501C8DAF710032CD8D /* Debug */,
				A2460A511C8DAF710032CD8D /* Release */,
			);
			defaultConfigurationIsVisible = 0;
			defaultConfigurationName = Release;
		};
/* End XCConfigurationList section */
	};
	rootObject = A2460A141C8DAF710032CD8D /* Project object */;
}
